
Microsoft Visual Studio Solution File, Format Version 12.00
# Visual Studio Version 17
VisualStudioVersion = 17.3.32825.248
MinimumVisualStudioVersion = 10.0.40219.1
Project("{8BC9CEB8-8B4A-11D0-8D11-00A0C91BC942}") = "Sudoku", "Sudoku\Sudoku.vcxproj", "{014A6B97-F788-4D60-AEB2-6BC0B9B9D14C}"
EndProject
Global
	GlobalSection(SolutionConfigurationPlatforms) = preSolution
		Debug|x64 = Debug|x64
		Debug|x86 = Debug|x86
		Release|x64 = Release|x64
		Release|x86 = Release|x86
	EndGlobalSection
	GlobalSection(ProjectConfigurationPlatforms) = postSolution
		{014A6B97-F788-4D60-AEB2-6BC0B9B9D14C}.Debug|x64.ActiveCfg = Debug|x64
		{014A6B97-F788-4D60-AEB2-6BC0B9B9D14C}.Debug|x64.Build.0 = Debug|x64
		{014A6B97-F788-4D60-AEB2-6BC0B9B9D14C}.Debug|x86.ActiveCfg = Debug|Win32
		{014A6B97-F788-4D60-AEB2-6BC0B9B9D14C}.Debug|x86.Build.0 = Debug|Win32
		{014A6B97-F788-4D60-AEB2-6BC0B9B9D14C}.Release|x64.ActiveCfg = Release|x64
		{014A6B97-F788-4D60-AEB2-6BC0B9B9D14C}.Release|x64.Build.0 = Release|x64
		{014A6B97-F788-4D60-AEB2-6BC0B9B9D14C}.Release|x86.ActiveCfg = Release|Win32
		{014A6B97-F788-4D60-AEB2-6BC0B9B9D14C}.Release|x86.Build.0 = Release|Win32
	EndGlobalSection
	GlobalSection(SolutionProperties) = preSolution
		HideSolutionNode = FALSE
	EndGlobalSection
	GlobalSection(ExtensibilityGlobals) = postSolution
		SolutionGuid = {178CE32B-97ED-4BB9-BC7E-43B995CE27A8}
	EndGlobalSection
EndGlobal
